
Microsoft Visual Studio Solution File, Format Version 12.00
# Visual Studio Version 17
VisualStudioVersion = 17.0.31903.59
MinimumVisualStudioVersion = 10.0.40219.1
Project("{9A19103F-16F7-4668-BE54-9A1E7A4F7556}") = "BISP.Video", "BISP.Video\BISP.Video.csproj", "{F8CE9C18-34DD-43DE-B743-DDDEC60CD015}"
EndProject
Project("{9A19103F-16F7-4668-BE54-9A1E7A4F7556}") = "BISP.Video.Core", "BISP.Video.Core\BISP.Video.Core.csproj", "{4E556588-1A1F-4AF7-8722-39C1E0412111}"
EndProject
Project("{9A19103F-16F7-4668-BE54-9A1E7A4F7556}") = "BISP.Video.DirectShow", "BISP.Video.DirectShow\BISP.Video.DirectShow.csproj", "{30A37DE0-85AA-4005-8A54-676897762A7A}"
EndProject
Project("{9A19103F-16F7-4668-BE54-9A1E7A4F7556}") = "BISP.Video.DirectShow.Wpf", "BISP.Video.DirectShow.Wpf\BISP.Video.DirectShow.Wpf.csproj", "{21C4D2E5-5F95-4DBE-96E2-0ECB3653A470}"
EndProject
Project("{9A19103F-16F7-4668-BE54-9A1E7A4F7556}") = "BISP.Video.Wpf", "BISP.Video.Wpf\BISP.Video.Wpf.csproj", "{3952E9CD-E9DD-4B3E-A76E-466C9D5845FD}"
EndProject
Project("{2150E333-8FDC-42A3-9474-1A3956D46DE8}") = "Origin", "Origin", "{49D5ACA6-0AB5-4EAE-8714-97C931B35815}"
EndProject
Project("{2150E333-8FDC-42A3-9474-1A3956D46DE8}") = "Wpf", "Wpf", "{9DE6E633-8B71-4F32-8E33-B26D561F4394}"
EndProject
Project("{9A19103F-16F7-4668-BE54-9A1E7A4F7556}") = "BISP.Video.Wpf.Testing", "BISP.Video.Wpf.Testing\BISP.Video.Wpf.Testing.csproj", "{CF8E982A-9703-40CB-92FF-81DDA4BC73FB}"
EndProject
Project("{2150E333-8FDC-42A3-9474-1A3956D46DE8}") = "Testing", "Testing", "{E7C87593-D3FB-49C9-AEE0-AB25B599F676}"
EndProject
Project("{2150E333-8FDC-42A3-9474-1A3956D46DE8}") = "Common", "Common", "{0A790B8A-FE91-41DE-8138-47C842EF4874}"
EndProject
Project("{9A19103F-16F7-4668-BE54-9A1E7A4F7556}") = "BISP.Video.Testing", "BISP.Video.Testing\BISP.Video.Testing.csproj", "{E89FAA32-8785-44CB-9ECA-A75746D484BA}"
EndProject
Global
	GlobalSection(SolutionConfigurationPlatforms) = preSolution
		Debug|Any CPU = Debug|Any CPU
		Release|Any CPU = Release|Any CPU
	EndGlobalSection
	GlobalSection(ProjectConfigurationPlatforms) = postSolution
		{F8CE9C18-34DD-43DE-B743-DDDEC60CD015}.Debug|Any CPU.ActiveCfg = Debug|Any CPU
		{F8CE9C18-34DD-43DE-B743-DDDEC60CD015}.Debug|Any CPU.Build.0 = Debug|Any CPU
		{F8CE9C18-34DD-43DE-B743-DDDEC60CD015}.Release|Any CPU.ActiveCfg = Release|Any CPU
		{F8CE9C18-34DD-43DE-B743-DDDEC60CD015}.Release|Any CPU.Build.0 = Release|Any CPU
		{4E556588-1A1F-4AF7-8722-39C1E0412111}.Debug|Any CPU.ActiveCfg = Debug|Any CPU
		{4E556588-1A1F-4AF7-8722-39C1E0412111}.Debug|Any CPU.Build.0 = Debug|Any CPU
		{4E556588-1A1F-4AF7-8722-39C1E0412111}.Release|Any CPU.ActiveCfg = Release|Any CPU
		{4E556588-1A1F-4AF7-8722-39C1E0412111}.Release|Any CPU.Build.0 = Release|Any CPU
		{30A37DE0-85AA-4005-8A54-676897762A7A}.Debug|Any CPU.ActiveCfg = Debug|Any CPU
		{30A37DE0-85AA-4005-8A54-676897762A7A}.Debug|Any CPU.Build.0 = Debug|Any CPU
		{30A37DE0-85AA-4005-8A54-676897762A7A}.Release|Any CPU.ActiveCfg = Release|Any CPU
		{30A37DE0-85AA-4005-8A54-676897762A7A}.Release|Any CPU.Build.0 = Release|Any CPU
		{21C4D2E5-5F95-4DBE-96E2-0ECB3653A470}.Debug|Any CPU.ActiveCfg = Debug|Any CPU
		{21C4D2E5-5F95-4DBE-96E2-0ECB3653A470}.Debug|Any CPU.Build.0 = Debug|Any CPU
		{21C4D2E5-5F95-4DBE-96E2-0ECB3653A470}.Release|Any CPU.ActiveCfg = Release|Any CPU
		{21C4D2E5-5F95-4DBE-96E2-0ECB3653A470}.Release|Any CPU.Build.0 = Release|Any CPU
		{3952E9CD-E9DD-4B3E-A76E-466C9D5845FD}.Debug|Any CPU.ActiveCfg = Debug|Any CPU
		{3952E9CD-E9DD-4B3E-A76E-466C9D5845FD}.Debug|Any CPU.Build.0 = Debug|Any CPU
		{3952E9CD-E9DD-4B3E-A76E-466C9D5845FD}.Release|Any CPU.ActiveCfg = Release|Any CPU
		{3952E9CD-E9DD-4B3E-A76E-466C9D5845FD}.Release|Any CPU.Build.0 = Release|Any CPU
		{CF8E982A-9703-40CB-92FF-81DDA4BC73FB}.Debug|Any CPU.ActiveCfg = Debug|Any CPU
		{CF8E982A-9703-40CB-92FF-81DDA4BC73FB}.Debug|Any CPU.Build.0 = Debug|Any CPU
		{CF8E982A-9703-40CB-92FF-81DDA4BC73FB}.Release|Any CPU.ActiveCfg = Release|Any CPU
		{CF8E982A-9703-40CB-92FF-81DDA4BC73FB}.Release|Any CPU.Build.0 = Release|Any CPU
		{E89FAA32-8785-44CB-9ECA-A75746D484BA}.Debug|Any CPU.ActiveCfg = Debug|Any CPU
		{E89FAA32-8785-44CB-9ECA-A75746D484BA}.Debug|Any CPU.Build.0 = Debug|Any CPU
		{E89FAA32-8785-44CB-9ECA-A75746D484BA}.Release|Any CPU.ActiveCfg = Release|Any CPU
		{E89FAA32-8785-44CB-9ECA-A75746D484BA}.Release|Any CPU.Build.0 = Release|Any CPU
	EndGlobalSection
	GlobalSection(SolutionProperties) = preSolution
		HideSolutionNode = FALSE
	EndGlobalSection
	GlobalSection(NestedProjects) = preSolution
		{F8CE9C18-34DD-43DE-B743-DDDEC60CD015} = {49D5ACA6-0AB5-4EAE-8714-97C931B35815}
		{4E556588-1A1F-4AF7-8722-39C1E0412111} = {0A790B8A-FE91-41DE-8138-47C842EF4874}
		{30A37DE0-85AA-4005-8A54-676897762A7A} = {49D5ACA6-0AB5-4EAE-8714-97C931B35815}
		{21C4D2E5-5F95-4DBE-96E2-0ECB3653A470} = {9DE6E633-8B71-4F32-8E33-B26D561F4394}
		{3952E9CD-E9DD-4B3E-A76E-466C9D5845FD} = {9DE6E633-8B71-4F32-8E33-B26D561F4394}
		{CF8E982A-9703-40CB-92FF-81DDA4BC73FB} = {E7C87593-D3FB-49C9-AEE0-AB25B599F676}
		{E89FAA32-8785-44CB-9ECA-A75746D484BA} = {E7C87593-D3FB-49C9-AEE0-AB25B599F676}
	EndGlobalSection
	GlobalSection(ExtensibilityGlobals) = postSolution
		SolutionGuid = {00257E85-A3B1-4B46-A665-CFDF07EC3CC0}
	EndGlobalSection
EndGlobal
